{
  "name": "asc-coredump",
  "lockfileVersion": 2,
  "requires": true,
  "packages": {
    "": {
      "devDependencies": {
        "asc-wasm": "^0.0.1",
        "assemblyscript": "^0.20.7",
        "prettier": "^2.8.3"
      }
    },
    "node_modules/asc-wasm": {
      "version": "0.0.1",
      "resolved": "file:../../../asc-wasm",
      "dev": true,
      "license": "MIT"
    },
    "node_modules/assemblyscript": {
      "version": "0.20.7",
      "resolved": "https://registry.npmjs.org/assemblyscript/-/assemblyscript-0.20.7.tgz",
      "integrity": "sha512-qRQGBsNIvJJVthMNfLF5+N6ly+11sQPH4jCmv55oaOW1IcwMbsrXZLeQ4dfop7HOsgEJZmKLV44N4FXlZYV2Xg==",
      "dev": true,
      "dependencies": {
        "binaryen": "108.0.0-nightly.20220528",
        "long": "^5.2.0"
      },
      "bin": {
        "asc": "bin/asc.js",
        "asinit": "bin/asinit.js"
      },
      "funding": {
        "type": "opencollective",
        "url": "https://opencollective.com/assemblyscript"
      }
    },
    "node_modules/binaryen": {
      "version": "108.0.0-nightly.20220528",
      "resolved": "https://registry.npmjs.org/binaryen/-/binaryen-108.0.0-nightly.20220528.tgz",
      "integrity": "sha512-9biG357fx3NXmJNotIuY9agZBcCNHP7d1mgOGaTlPYVHZE7/61lt1IyHCXAL+W5jUOYgmFZ260PR4IbD19RKuA==",
      "dev": true,
      "bin": {
        "wasm-opt": "bin/wasm-opt",
        "wasm2js": "bin/wasm2js"
      }
    },
    "node_modules/long": {
      "version": "5.2.1",
      "resolved": "https://registry.npmjs.org/long/-/long-5.2.1.tgz",
      "integrity": "sha512-GKSNGeNAtw8IryjjkhZxuKB3JzlcLTwjtiQCHKvqQet81I93kXslhDQruGI/QsddO83mcDToBVy7GqGS/zYf/A==",
      "dev": true
    },
    "node_modules/prettier": {
      "version": "2.8.3",
      "resolved": "https://registry.npmjs.org/prettier/-/prettier-2.8.3.tgz",
      "integrity": "sha512-tJ/oJ4amDihPoufT5sM0Z1SKEuKay8LfVAMlbbhnnkvt6BUserZylqo2PN+p9KeljLr0OHa2rXHU1T8reeoTrw==",
      "dev": true,
      "bin": {
        "prettier": "bin-prettier.js"
      },
      "engines": {
        "node": ">=10.13.0"
      },
      "funding": {
        "url": "https://github.com/prettier/prettier?sponsor=1"
      }
    }
  },
  "dependencies": {
    "asc-wasm": {
      "version": "0.0.1",
      "dev": true
    },
    "assemblyscript": {
      "version": "0.20.7",
      "resolved": "https://registry.npmjs.org/assemblyscript/-/assemblyscript-0.20.7.tgz",
      "integrity": "sha512-qRQGBsNIvJJVthMNfLF5+N6ly+11sQPH4jCmv55oaOW1IcwMbsrXZLeQ4dfop7HOsgEJZmKLV44N4FXlZYV2Xg==",
      "dev": true,
      "requires": {
        "binaryen": "108.0.0-nightly.20220528",
        "long": "^5.2.0"
      }
    },
    "binaryen": {
      "version": "108.0.0-nightly.20220528",
      "resolved": "https://registry.npmjs.org/binaryen/-/binaryen-108.0.0-nightly.20220528.tgz",
      "integrity": "sha512-9biG357fx3NXmJNotIuY9agZBcCNHP7d1mgOGaTlPYVHZE7/61lt1IyHCXAL+W5jUOYgmFZ260PR4IbD19RKuA==",
      "dev": true
    },
    "long": {
      "version": "5.2.1",
      "resolved": "https://registry.npmjs.org/long/-/long-5.2.1.tgz",
      "integrity": "sha512-GKSNGeNAtw8IryjjkhZxuKB3JzlcLTwjtiQCHKvqQet81I93kXslhDQruGI/QsddO83mcDToBVy7GqGS/zYf/A==",
      "dev": true
    },
    "prettier": {
      "version": "2.8.3",
      "resolved": "https://registry.npmjs.org/prettier/-/prettier-2.8.3.tgz",
      "integrity": "sha512-tJ/oJ4amDihPoufT5sM0Z1SKEuKay8LfVAMlbbhnnkvt6BUserZylqo2PN+p9KeljLr0OHa2rXHU1T8reeoTrw==",
      "dev": true
    }
  }
}
